Microsoft Visual Studio Solution File, Format Version 12.00
# Visual Studio Version 17
VisualStudioVersion = 17.0.31903.59
MinimumVisualStudioVersion = 10.0.40219.1
Project("{8BC9CEB8-8B4A-11D0-8D11-00A0C91BC942}") = "AuraLite.Base", "AuraLite.Base\AuraLite.Base.vcxproj", "{B762AF39-B217-41F2-9D7B-E55EDB99F9CC}"
EndProject
Project("{8BC9CEB8-8B4A-11D0-8D11-00A0C91BC942}") = "AuraLite.UILegacy", "AuraLite.UILegacy\AuraLite.UILegacy.vcxproj", "{3F19C1C0-7F28-4DF0-84CC-C69FFB55F359}"
EndProject
Project("{8BC9CEB8-8B4A-11D0-8D11-00A0C91BC942}") = "test_base", "test_base\test_base.vcxproj", "{16CD023E-334A-4D66-A243-76A5B30F18B9}"
EndProject
Project("{8BC9CEB8-8B4A-11D0-8D11-00A0C91BC942}") = "test_view", "test_view\test_view.vcxproj", "{F19EF4AA-5DD6-4E44-9B8E-2455568AE16E}"
EndProject
Global
	GlobalSection(SolutionConfigurationPlatforms) = preSolution
		Debug|Win32 = Debug|Win32
		Debug|x64 = Debug|x64
		Release|Win32 = Release|Win32
		Release|x64 = Release|x64
	EndGlobalSection
	GlobalSection(ProjectConfigurationPlatforms) = postSolution
		{B762AF39-B217-41F2-9D7B-E55EDB99F9CC}.Debug|Win32.ActiveCfg = Debug|Win32
		{B762AF39-B217-41F2-9D7B-E55EDB99F9CC}.Debug|Win32.Build.0 = Debug|Win32
		{B762AF39-B217-41F2-9D7B-E55EDB99F9CC}.Debug|x64.ActiveCfg = Debug|x64
		{B762AF39-B217-41F2-9D7B-E55EDB99F9CC}.Debug|x64.Build.0 = Debug|x64
		{B762AF39-B217-41F2-9D7B-E55EDB99F9CC}.Release|Win32.ActiveCfg = Release|Win32
		{B762AF39-B217-41F2-9D7B-E55EDB99F9CC}.Release|Win32.Build.0 = Release|Win32
		{B762AF39-B217-41F2-9D7B-E55EDB99F9CC}.Release|x64.ActiveCfg = Release|x64
		{B762AF39-B217-41F2-9D7B-E55EDB99F9CC}.Release|x64.Build.0 = Release|x64
		{3F19C1C0-7F28-4DF0-84CC-C69FFB55F359}.Debug|Win32.ActiveCfg = Debug|Win32
		{3F19C1C0-7F28-4DF0-84CC-C69FFB55F359}.Debug|Win32.Build.0 = Debug|Win32
		{3F19C1C0-7F28-4DF0-84CC-C69FFB55F359}.Debug|x64.ActiveCfg = Debug|x64
		{3F19C1C0-7F28-4DF0-84CC-C69FFB55F359}.Debug|x64.Build.0 = Debug|x64
		{3F19C1C0-7F28-4DF0-84CC-C69FFB55F359}.Release|Win32.ActiveCfg = Release|Win32
		{3F19C1C0-7F28-4DF0-84CC-C69FFB55F359}.Release|Win32.Build.0 = Release|Win32
		{3F19C1C0-7F28-4DF0-84CC-C69FFB55F359}.Release|x64.ActiveCfg = Release|x64
		{3F19C1C0-7F28-4DF0-84CC-C69FFB55F359}.Release|x64.Build.0 = Release|x64
		{16CD023E-334A-4D66-A243-76A5B30F18B9}.Debug|Win32.ActiveCfg = Debug|Win32
		{16CD023E-334A-4D66-A243-76A5B30F18B9}.Debug|Win32.Build.0 = Debug|Win32
		{16CD023E-334A-4D66-A243-76A5B30F18B9}.Debug|x64.ActiveCfg = Debug|x64
		{16CD023E-334A-4D66-A243-76A5B30F18B9}.Debug|x64.Build.0 = Debug|x64
		{16CD023E-334A-4D66-A243-76A5B30F18B9}.Release|Win32.ActiveCfg = Release|Win32
		{16CD023E-334A-4D66-A243-76A5B30F18B9}.Release|Win32.Build.0 = Release|Win32
		{16CD023E-334A-4D66-A243-76A5B30F18B9}.Release|x64.ActiveCfg = Release|x64
		{16CD023E-334A-4D66-A243-76A5B30F18B9}.Release|x64.Build.0 = Release|x64
		{F19EF4AA-5DD6-4E44-9B8E-2455568AE16E}.Debug|Win32.ActiveCfg = Debug|Win32
		{F19EF4AA-5DD6-4E44-9B8E-2455568AE16E}.Debug|Win32.Build.0 = Debug|Win32
		{F19EF4AA-5DD6-4E44-9B8E-2455568AE16E}.Debug|x64.ActiveCfg = Debug|x64
		{F19EF4AA-5DD6-4E44-9B8E-2455568AE16E}.Debug|x64.Build.0 = Debug|x64
		{F19EF4AA-5DD6-4E44-9B8E-2455568AE16E}.Release|Win32.ActiveCfg = Release|Win32
		{F19EF4AA-5DD6-4E44-9B8E-2455568AE16E}.Release|Win32.Build.0 = Release|Win32
		{F19EF4AA-5DD6-4E44-9B8E-2455568AE16E}.Release|x64.ActiveCfg = Release|x64
		{F19EF4AA-5DD6-4E44-9B8E-2455568AE16E}.Release|x64.Build.0 = Release|x64
	EndGlobalSection
	GlobalSection(SolutionProperties) = preSolution
		HideSolutionNode = FALSE
	EndGlobalSection
EndGlobal